
Microsoft Visual Studio Solution File, Format Version 12.00
# Visual Studio Version 17
VisualStudioVersion = 17.7.34031.279
MinimumVisualStudioVersion = 10.0.40219.1
Project("{FAE04EC0-301F-11D3-BF4B-00C04F79EFBC}") = "FinStock", "FinStock\FinStock.csproj", "{1785F3C4-6C47-4088-94FD-97E82E56CC9A}"
EndProject
Project("{FAE04EC0-301F-11D3-BF4B-00C04F79EFBC}") = "FinStock.Application", "FinStock.Application\FinStock.Application.csproj", "{EE96B4CD-5581-4DAB-8455-C0D575202BB7}"
EndProject
Project("{FAE04EC0-301F-11D3-BF4B-00C04F79EFBC}") = "FinStock.Infrastucture", "FinStock.Infrastucture\FinStock.Infrastucture.csproj", "{1BAF9A4C-9BEB-446E-B7D4-642616CD5C78}"
EndProject
Project("{FAE04EC0-301F-11D3-BF4B-00C04F79EFBC}") = "FinStock.Domain", "FinStock.Domain\FinStock.Domain.csproj", "{0D77C13C-089E-4EFA-BE93-46D9C5188D36}"
EndProject
Global
	GlobalSection(SolutionConfigurationPlatforms) = preSolution
		Debug|Any CPU = Debug|Any CPU
		Release|Any CPU = Release|Any CPU
	EndGlobalSection
	GlobalSection(ProjectConfigurationPlatforms) = postSolution
		{1785F3C4-6C47-4088-94FD-97E82E56CC9A}.Debug|Any CPU.ActiveCfg = Debug|Any CPU
		{1785F3C4-6C47-4088-94FD-97E82E56CC9A}.Debug|Any CPU.Build.0 = Debug|Any CPU
		{1785F3C4-6C47-4088-94FD-97E82E56CC9A}.Release|Any CPU.ActiveCfg = Release|Any CPU
		{1785F3C4-6C47-4088-94FD-97E82E56CC9A}.Release|Any CPU.Build.0 = Release|Any CPU
		{EE96B4CD-5581-4DAB-8455-C0D575202BB7}.Debug|Any CPU.ActiveCfg = Debug|Any CPU
		{EE96B4CD-5581-4DAB-8455-C0D575202BB7}.Debug|Any CPU.Build.0 = Debug|Any CPU
		{EE96B4CD-5581-4DAB-8455-C0D575202BB7}.Release|Any CPU.ActiveCfg = Release|Any CPU
		{EE96B4CD-5581-4DAB-8455-C0D575202BB7}.Release|Any CPU.Build.0 = Release|Any CPU
		{1BAF9A4C-9BEB-446E-B7D4-642616CD5C78}.Debug|Any CPU.ActiveCfg = Debug|Any CPU
		{1BAF9A4C-9BEB-446E-B7D4-642616CD5C78}.Debug|Any CPU.Build.0 = Debug|Any CPU
		{1BAF9A4C-9BEB-446E-B7D4-642616CD5C78}.Release|Any CPU.ActiveCfg = Release|Any CPU
		{1BAF9A4C-9BEB-446E-B7D4-642616CD5C78}.Release|Any CPU.Build.0 = Release|Any CPU
		{0D77C13C-089E-4EFA-BE93-46D9C5188D36}.Debug|Any CPU.ActiveCfg = Debug|Any CPU
		{0D77C13C-089E-4EFA-BE93-46D9C5188D36}.Debug|Any CPU.Build.0 = Debug|Any CPU
		{0D77C13C-089E-4EFA-BE93-46D9C5188D36}.Release|Any CPU.ActiveCfg = Release|Any CPU
		{0D77C13C-089E-4EFA-BE93-46D9C5188D36}.Release|Any CPU.Build.0 = Release|Any CPU
	EndGlobalSection
	GlobalSection(SolutionProperties) = preSolution
		HideSolutionNode = FALSE
	EndGlobalSection
	GlobalSection(ExtensibilityGlobals) = postSolution
		SolutionGuid = {60DC245F-70F0-41BA-890E-300C25B051A5}
	EndGlobalSection
EndGlobal
